{
  "name": "@darkroom.engineering/codemods",
  "version": "1.0.0",
  "lockfileVersion": 3,
  "requires": true,
  "packages": {
    "": {
      "name": "@darkroom.engineering/codemods",
      "version": "1.0.0",
      "license": "MIT",
      "bin": {
        "sf-to-darkroom": "sf-to-darkroom.js"
      }
    }
  }
}
