lockfileVersion: '9.0'

settings:
  autoInstallPeers: true
  excludeLinksFromLockfile: false

importers:

  .:
    dependencies:
      '@studio-freight/hamo':
        specifier: ^0.6.33
        version: 0.6.33(react-dom@18.2.0(react@18.2.0))(react@18.2.0)
      '@studio-freight/lenis':
        specifier: ^1.0.42
        version: 1.0.42
      '@studio-freight/react-lenis':
        specifier: ^0.0.47
        version: 0.0.47(react-dom@18.2.0(react@18.2.0))(react@18.2.0)

packages:

  '@studio-freight/hamo@0.6.33':
    resolution: {integrity: sha512-U3Nvw5wDvB/jps2/ZbGL2TFL+CcZvJF/tkjL7S7ajuzDi9T5VkqCguws6tuWHttZ74Z6DfXxV1b8F1EB30AyJg==}
    peerDependencies:
      react: ^18.2.0
      react-dom: ^18.2.0

  '@studio-freight/lenis@1.0.42':
    resolution: {integrity: sha512-HJAGf2DeM+BTvKzHv752z6Z7zy6bA643nZM7W88Ft9tnw2GsJSp6iJ+3cekjyMIWH+cloL2U9X82dKXgdU8kPg==}

  '@studio-freight/react-lenis@0.0.47':
    resolution: {integrity: sha512-h+IAqiyiNo8mRo/CA3/sHCqX2IV0tTLyzZRWsdRaLPtM2aBaRqK0+ISYWTUmktQfcf3qvp4hsn0Oeyt9uXwLTQ==}
    peerDependencies:
      react: ^17 || ^18
      react-dom: ^17 || ^18

  '@studio-freight/tempus@0.0.38':
    resolution: {integrity: sha512-AO1O2fEmfUqWGjEofmPNMQRlwgZ96eB5OFsVJjeH8/RKd1/Yf4zbPnXO+r2TD4aueA6X9JRCJU2GUprI9+m8uQ==}

  '@types/prop-types@15.7.12':
    resolution: {integrity: sha512-5zvhXYtRNRluoE/jAp4GVsSduVUzNWKkOZrCDBWYtE7biZywwdC2AcEzg+cSMLFRfVgeAFqpfNabiPjxFddV1Q==}

  '@types/react@18.2.79':
    resolution: {integrity: sha512-RwGAGXPl9kSXwdNTafkOEuFrTBD5SA2B3iEB96xi8+xu5ddUa/cpvyVCSNn+asgLCTHkb5ZxN8gbuibYJi4s1w==}

  clsx@2.1.1:
    resolution: {integrity: sha512-eYm0QWBtUrBWZWG0d386OGAw16Z995PiOVo2B7bjWSbHedGl5e0ZWaq65kOGgUSNesEIDkB9ISbTg/JK9dhCZA==}
    engines: {node: '>=6'}

  csstype@3.1.3:
    resolution: {integrity: sha512-M1uQkMl8rQK/szD0LNhtqxIPLpimGm8sOBwU7lLnCpSbTyY3yeU1Vc7l4KT5zT4s/yOxHH5O7tIuuLOCnLADRw==}

  js-tokens@4.0.0:
    resolution: {integrity: sha512-RdJUflcE3cUzKiMqQgsCu06FPu9UdIJO0beYbPhHN4k6apgJtifcoCtT9bcxOpYBtpD2kCM6Sbzg4CausW/PKQ==}

  just-debounce-it@3.2.0:
    resolution: {integrity: sha512-WXzwLL0745uNuedrCsCs3rpmfD6DBaf7uuVwaq98/8dafURfgQaBsSpjiPp5+CW6Vjltwy9cOGI6qE71b3T8iQ==}

  loose-envify@1.4.0:
    resolution: {integrity: sha512-lyuxPGr/Wfhrlem2CL/UcnUc1zcqKAImBDzukY7Y5F/yQiNdko6+fRLevlw1HgMySw7f611UIY408EtxRSoK3Q==}
    hasBin: true

  nanoevents@9.0.0:
    resolution: {integrity: sha512-X8pU7IOpgKXVLPxYUI55ymXc8XuBE+uypfEyEFBtHkD1EX9KavYTVc+vXZHFyHKzA1TaZoVDqklLdQBBrxIuAw==}
    engines: {node: ^18.0.0 || >=20.0.0}

  react-dom@18.2.0:
    resolution: {integrity: sha512-6IMTriUmvsjHUjNtEDudZfuDQUoWXVxKHhlEGSk81n4YFS+r/Kl99wXiwlVXtPBtJenozv2P+hxDsw9eA7Xo6g==}
    peerDependencies:
      react: ^18.2.0

  react@18.2.0:
    resolution: {integrity: sha512-/3IjMdb2L9QbBdWiW5e3P2/npwMBaU9mHCSCUzNln0ZCYbcfTsGbTJrU/kGemdH2IWmB2ioZ+zkxtmq6g09fGQ==}
    engines: {node: '>=0.10.0'}

  scheduler@0.23.0:
    resolution: {integrity: sha512-CtuThmgHNg7zIZWAXi3AsyIzA3n4xx7aNyjwC2VJldO2LMVDhFK+63xGqq6CsJH4rTAt6/M+N4GhZiDYPx9eUw==}

  use-sync-external-store@1.2.0:
    resolution: {integrity: sha512-eEgnFxGQ1Ife9bzYs6VLi8/4X6CObHMw9Qr9tPY43iKwsPw8xE8+EFsf/2cFZ5S3esXgpWgtSCtLNS41F+sKPA==}
    peerDependencies:
      react: ^16.8.0 || ^17.0.0 || ^18.0.0

  zustand@4.5.2:
    resolution: {integrity: sha512-2cN1tPkDVkwCy5ickKrI7vijSjPksFRfqS6237NzT0vqSsztTNnQdHw9mmN7uBdk3gceVXU0a+21jFzFzAc9+g==}
    engines: {node: '>=12.7.0'}
    peerDependencies:
      '@types/react': '>=16.8'
      immer: '>=9.0.6'
      react: '>=16.8'
    peerDependenciesMeta:
      '@types/react':
        optional: true
      immer:
        optional: true
      react:
        optional: true

snapshots:

  '@studio-freight/hamo@0.6.33(react-dom@18.2.0(react@18.2.0))(react@18.2.0)':
    dependencies:
      '@studio-freight/tempus': 0.0.38
      just-debounce-it: 3.2.0
      nanoevents: 9.0.0
      react: 18.2.0
      react-dom: 18.2.0(react@18.2.0)

  '@studio-freight/lenis@1.0.42': {}

  '@studio-freight/react-lenis@0.0.47(react-dom@18.2.0(react@18.2.0))(react@18.2.0)':
    dependencies:
      '@studio-freight/hamo': 0.6.33(react-dom@18.2.0(react@18.2.0))(react@18.2.0)
      '@studio-freight/lenis': 1.0.42
      '@types/react': 18.2.79
      clsx: 2.1.1
      react: 18.2.0
      react-dom: 18.2.0(react@18.2.0)
      zustand: 4.5.2(@types/react@18.2.79)(react@18.2.0)
    transitivePeerDependencies:
      - immer

  '@studio-freight/tempus@0.0.38': {}

  '@types/prop-types@15.7.12': {}

  '@types/react@18.2.79':
    dependencies:
      '@types/prop-types': 15.7.12
      csstype: 3.1.3

  clsx@2.1.1: {}

  csstype@3.1.3: {}

  js-tokens@4.0.0: {}

  just-debounce-it@3.2.0: {}

  loose-envify@1.4.0:
    dependencies:
      js-tokens: 4.0.0

  nanoevents@9.0.0: {}

  react-dom@18.2.0(react@18.2.0):
    dependencies:
      loose-envify: 1.4.0
      react: 18.2.0
      scheduler: 0.23.0

  react@18.2.0:
    dependencies:
      loose-envify: 1.4.0

  scheduler@0.23.0:
    dependencies:
      loose-envify: 1.4.0

  use-sync-external-store@1.2.0(react@18.2.0):
    dependencies:
      react: 18.2.0

  zustand@4.5.2(@types/react@18.2.79)(react@18.2.0):
    dependencies:
      use-sync-external-store: 1.2.0(react@18.2.0)
    optionalDependencies:
      '@types/react': 18.2.79
      react: 18.2.0
